{
  "lockfile-version": 1,
  "manifest": {
    "version": 1,
    "install": {
      "gnumake": {
        "pkg-path": "gnumake"
      },
      "jdk": {
        "pkg-path": "jdk"
      },
      "tomcat": {
        "pkg-path": "tomcat",
        "priority": 4
      },
      "tomcat-native": {
        "pkg-path": "tomcat-native"
      }
    },
    "options": {},
    "build": {
      "sample-tomcat-app": {
        "command": "make install PREFIX=$out",
        "sandbox": "pure",
        "version": "5.5.1",
        "description": "Sample tomcat app copied from https://tomcat.apache.org/tomcat-5.5-doc/appdev/sample/"
      }
    }
  },
  "packages": [
    {
      "attr_path": "gnumake",
      "broken": false,
      "derivation": "/nix/store/2x0iq3b0ldv411ld1i6a9ma8dh182h14-gnumake-4.4.1.drv",
      "description": "Tool to control the generation of non-source files from sources",
      "install_id": "gnumake",
      "license": "GPL-3.0-or-later",
      "locked_url": "https://github.com/flox/nixpkgs?rev=0182a361324364ae3f436a63005877674cf45efb",
      "name": "gnumake-4.4.1",
      "pname": "gnumake",
      "rev": "0182a361324364ae3f436a63005877674cf45efb",
      "rev_count": 948083,
      "rev_date": "2026-02-17T23:04:30Z",
      "scrape_date": "2026-02-19T04:39:53.260522Z",
      "stabilities": [
        "staging",
        "unstable"
      ],
      "unfree": false,
      "version": "4.4.1",
      "outputs_to_install": [
        "man",
        "out"
      ],
      "outputs": {
        "doc": "/nix/store/8cnmyqhnlxpl7k9z15cridfdd9kka64b-gnumake-4.4.1-doc",
        "info": "/nix/store/jar06k1k53zsig2iah8vaw1y9r0wxa55-gnumake-4.4.1-info",
        "man": "/nix/store/2cd4idcvj4fnn4ss1ffz9fqagfhvjpy1-gnumake-4.4.1-man",
        "out": "/nix/store/cz4rjcd28s9qqk2zcnn9d8pgs5l6qqy9-gnumake-4.4.1"
      },
      "system": "aarch64-darwin",
      "group": "toplevel",
      "priority": 5
    },
    {
      "attr_path": "gnumake",
      "broken": false,
      "derivation": "/nix/store/n3nk5kyi8ckasq265skqni13m34d2v20-gnumake-4.4.1.drv",
      "description": "Tool to control the generation of non-source files from sources",
      "install_id": "gnumake",
      "license": "GPL-3.0-or-later",
      "locked_url": "https://github.com/flox/nixpkgs?rev=0182a361324364ae3f436a63005877674cf45efb",
      "name": "gnumake-4.4.1",
      "pname": "gnumake",
      "rev": "0182a361324364ae3f436a63005877674cf45efb",
      "rev_count": 948083,
      "rev_date": "2026-02-17T23:04:30Z",
      "scrape_date": "2026-02-19T05:12:55.991495Z",
      "stabilities": [
        "staging",
        "unstable"
      ],
      "unfree": false,
      "version": "4.4.1",
      "outputs_to_install": [
        "man",
        "out"
      ],
      "outputs": {
        "debug": "/nix/store/4wnafz38wr2jld58vr5j41b6mc4n26r6-gnumake-4.4.1-debug",
        "doc": "/nix/store/15r3aanv0lh7mqi1gm3l8blpcnp05qzy-gnumake-4.4.1-doc",
        "info": "/nix/store/gjd78rqz1k94n1c2s2kip126f8gjbb6g-gnumake-4.4.1-info",
        "man": "/nix/store/i0rnnv9fm87c0228z34pgvk24ifqn6bm-gnumake-4.4.1-man",
        "out": "/nix/store/z9wllcd2plhx8863ka0zfh0mffxm6jir-gnumake-4.4.1"
      },
      "system": "aarch64-linux",
      "group": "toplevel",
      "priority": 5
    },
    {
      "attr_path": "gnumake",
      "broken": false,
      "derivation": "/nix/store/dhwc8f7yshq6m26lfn8sdsw9crnzfzkk-gnumake-4.4.1.drv",
      "description": "Tool to control the generation of non-source files from sources",
      "install_id": "gnumake",
      "license": "GPL-3.0-or-later",
      "locked_url": "https://github.com/flox/nixpkgs?rev=0182a361324364ae3f436a63005877674cf45efb",
      "name": "gnumake-4.4.1",
      "pname": "gnumake",
      "rev": "0182a361324364ae3f436a63005877674cf45efb",
      "rev_count": 948083,
      "rev_date": "2026-02-17T23:04:30Z",
      "scrape_date": "2026-02-19T05:45:38.315617Z",
      "stabilities": [
        "staging",
        "unstable"
      ],
      "unfree": false,
      "version": "4.4.1",
      "outputs_to_install": [
        "man",
        "out"
      ],
      "outputs": {
        "doc": "/nix/store/2kpsfrqzyr0kzckkdjbqnsdcz2d719lk-gnumake-4.4.1-doc",
        "info": "/nix/store/jlb9r2mzq8660lhn9my1pgri15jiqljq-gnumake-4.4.1-info",
        "man": "/nix/store/x7p2q0wx9828p9n8r3pisbijncsfphvr-gnumake-4.4.1-man",
        "out": "/nix/store/sqp22z2pm7s7n0wb3al4c3h47shw5aic-gnumake-4.4.1"
      },
      "system": "x86_64-darwin",
      "group": "toplevel",
      "priority": 5
    },
    {
      "attr_path": "gnumake",
      "broken": false,
      "derivation": "/nix/store/cy06y5fkvbiif016ab9icsj7vqyyiky1-gnumake-4.4.1.drv",
      "description": "Tool to control the generation of non-source files from sources",
      "install_id": "gnumake",
      "license": "GPL-3.0-or-later",
      "locked_url": "https://github.com/flox/nixpkgs?rev=0182a361324364ae3f436a63005877674cf45efb",
      "name": "gnumake-4.4.1",
      "pname": "gnumake",
      "rev": "0182a361324364ae3f436a63005877674cf45efb",
      "rev_count": 948083,
      "rev_date": "2026-02-17T23:04:30Z",
      "scrape_date": "2026-02-19T06:23:25.239208Z",
      "stabilities": [
        "staging",
        "unstable"
      ],
      "unfree": false,
      "version": "4.4.1",
      "outputs_to_install": [
        "man",
        "out"
      ],
      "outputs": {
        "debug": "/nix/store/fa0f3msdrc5il96nn5qvrbhf6779vvh1-gnumake-4.4.1-debug",
        "doc": "/nix/store/j2vz6gm38023yfg359cnawzvabqc0w9v-gnumake-4.4.1-doc",
        "info": "/nix/store/2pqq9mdchp0s0cgl1qqql38v502kbdi1-gnumake-4.4.1-info",
        "man": "/nix/store/an38a5jy0ivp1504yjbzgl4prvhjnix7-gnumake-4.4.1-man",
        "out": "/nix/store/5lyy21zm97pj8l67r2xapdkxpxb6v6y0-gnumake-4.4.1"
      },
      "system": "x86_64-linux",
      "group": "toplevel",
      "priority": 5
    },
    {
      "attr_path": "jdk",
      "broken": false,
      "derivation": "/nix/store/apmkmfhvv4ydqk43gb416757v7ymbbvj-zulu-ca-jdk-21.0.8.drv",
      "description": "Certified builds of OpenJDK",
      "install_id": "jdk",
      "license": "GPL-2.0-only",
      "locked_url": "https://github.com/flox/nixpkgs?rev=0182a361324364ae3f436a63005877674cf45efb",
      "name": "zulu-ca-jdk-21.0.8",
      "pname": "jdk",
      "rev": "0182a361324364ae3f436a63005877674cf45efb",
      "rev_count": 948083,
      "rev_date": "2026-02-17T23:04:30Z",
      "scrape_date": "2026-02-19T04:40:08.036412Z",
      "stabilities": [
        "staging",
        "unstable"
      ],
      "unfree": false,
      "version": "21.0.8",
      "outputs_to_install": [
        "out"
      ],
      "outputs": {
        "out": "/nix/store/cnk79a166lrma21cdkh392b9q8irsh7r-zulu-ca-jdk-21.0.8"
      },
      "system": "aarch64-darwin",
      "group": "toplevel",
      "priority": 5
    },
    {
      "attr_path": "jdk",
      "broken": false,
      "derivation": "/nix/store/ry0d7nhqqprbw3hcikgi4hwabgk0bbni-openjdk-21.0.9+10.drv",
      "description": "Open-source Java Development Kit",
      "install_id": "jdk",
      "license": "GPL-2.0-only",
      "locked_url": "https://github.com/flox/nixpkgs?rev=0182a361324364ae3f436a63005877674cf45efb",
      "name": "openjdk-21.0.9+10",
      "pname": "jdk",
      "rev": "0182a361324364ae3f436a63005877674cf45efb",
      "rev_count": 948083,
      "rev_date": "2026-02-17T23:04:30Z",
      "scrape_date": "2026-02-19T05:13:14.742729Z",
      "stabilities": [
        "staging",
        "unstable"
      ],
      "unfree": false,
      "version": "21.0.9+10",
      "outputs_to_install": [
        "out",
        "out"
      ],
      "outputs": {
        "debug": "/nix/store/96w6p1phqrxnq6sw4inisiks8fcbslwl-openjdk-21.0.9+10-debug",
        "out": "/nix/store/f9y0mx3w94ng6sdq231rkd3v0i2ihb8x-openjdk-21.0.9+10"
      },
      "system": "aarch64-linux",
      "group": "toplevel",
      "priority": 5
    },
    {
      "attr_path": "jdk",
      "broken": false,
      "derivation": "/nix/store/cg853y7jw5v0dp7nwbv316wzjixarlrl-zulu-ca-jdk-21.0.8.drv",
      "description": "Certified builds of OpenJDK",
      "install_id": "jdk",
      "license": "GPL-2.0-only",
      "locked_url": "https://github.com/flox/nixpkgs?rev=0182a361324364ae3f436a63005877674cf45efb",
      "name": "zulu-ca-jdk-21.0.8",
      "pname": "jdk",
      "rev": "0182a361324364ae3f436a63005877674cf45efb",
      "rev_count": 948083,
      "rev_date": "2026-02-17T23:04:30Z",
      "scrape_date": "2026-02-19T05:45:53.437552Z",
      "stabilities": [
        "staging",
        "unstable"
      ],
      "unfree": false,
      "version": "21.0.8",
      "outputs_to_install": [
        "out"
      ],
      "outputs": {
        "out": "/nix/store/lc2gv2jh0pjy3xvrz4rcbssr1mas167y-zulu-ca-jdk-21.0.8"
      },
      "system": "x86_64-darwin",
      "group": "toplevel",
      "priority": 5
    },
    {
      "attr_path": "jdk",
      "broken": false,
      "derivation": "/nix/store/ii3a9afh8k1j8nikv12269mvrr1i4j9b-openjdk-21.0.9+10.drv",
      "description": "Open-source Java Development Kit",
      "install_id": "jdk",
      "license": "GPL-2.0-only",
      "locked_url": "https://github.com/flox/nixpkgs?rev=0182a361324364ae3f436a63005877674cf45efb",
      "name": "openjdk-21.0.9+10",
      "pname": "jdk",
      "rev": "0182a361324364ae3f436a63005877674cf45efb",
      "rev_count": 948083,
      "rev_date": "2026-02-17T23:04:30Z",
      "scrape_date": "2026-02-19T06:23:44.872600Z",
      "stabilities": [
        "staging",
        "unstable"
      ],
      "unfree": false,
      "version": "21.0.9+10",
      "outputs_to_install": [
        "out",
        "out"
      ],
      "outputs": {
        "debug": "/nix/store/n262v22apasz3ng8gfhvccp43diynkn6-openjdk-21.0.9+10-debug",
        "out": "/nix/store/yb16bzvkdimkgczlw30pkhfxnzal26ks-openjdk-21.0.9+10"
      },
      "system": "x86_64-linux",
      "group": "toplevel",
      "priority": 5
    },
    {
      "attr_path": "tomcat",
      "broken": false,
      "derivation": "/nix/store/69cgp3bplnhs5kwp2wki1ksrfk2z7vv5-apache-tomcat-11.0.18.drv",
      "description": "Implementation of the Java Servlet and JavaServer Pages technologies",
      "install_id": "tomcat",
      "license": "Apache-2.0",
      "locked_url": "https://github.com/flox/nixpkgs?rev=0182a361324364ae3f436a63005877674cf45efb",
      "name": "apache-tomcat-11.0.18",
      "pname": "tomcat",
      "rev": "0182a361324364ae3f436a63005877674cf45efb",
      "rev_count": 948083,
      "rev_date": "2026-02-17T23:04:30Z",
      "scrape_date": "2026-02-19T04:42:05.824197Z",
      "stabilities": [
        "staging",
        "unstable"
      ],
      "unfree": false,
      "version": "11.0.18",
      "outputs_to_install": [
        "out"
      ],
      "outputs": {
        "out": "/nix/store/iqncz8xzs933pa5n4pcc0nzy9c0y0gjs-apache-tomcat-11.0.18",
        "webapps": "/nix/store/3505fkjx91yzyipifdcf2wlzqs5v6ajq-apache-tomcat-11.0.18-webapps"
      },
      "system": "aarch64-darwin",
      "group": "toplevel",
      "priority": 4
    },
    {
      "attr_path": "tomcat",
      "broken": false,
      "derivation": "/nix/store/6zwqnp2lwgpxcvmrzsxh44ckh0hgfvgr-apache-tomcat-11.0.18.drv",
      "description": "Implementation of the Java Servlet and JavaServer Pages technologies",
      "install_id": "tomcat",
      "license": "Apache-2.0",
      "locked_url": "https://github.com/flox/nixpkgs?rev=0182a361324364ae3f436a63005877674cf45efb",
      "name": "apache-tomcat-11.0.18",
      "pname": "tomcat",
      "rev": "0182a361324364ae3f436a63005877674cf45efb",
      "rev_count": 948083,
      "rev_date": "2026-02-17T23:04:30Z",
      "scrape_date": "2026-02-19T05:15:53.772330Z",
      "stabilities": [
        "staging",
        "unstable"
      ],
      "unfree": false,
      "version": "11.0.18",
      "outputs_to_install": [
        "out"
      ],
      "outputs": {
        "out": "/nix/store/jk2fh3xbdacpqzcwhmp12b2q188zh19g-apache-tomcat-11.0.18",
        "webapps": "/nix/store/cyf2m890vvjvxg44c9pm7dl6rc2r84q5-apache-tomcat-11.0.18-webapps"
      },
      "system": "aarch64-linux",
      "group": "toplevel",
      "priority": 4
    },
    {
      "attr_path": "tomcat",
      "broken": false,
      "derivation": "/nix/store/cixy42qmvwcpnnq48ba0mx6bv4503932-apache-tomcat-11.0.18.drv",
      "description": "Implementation of the Java Servlet and JavaServer Pages technologies",
      "install_id": "tomcat",
      "license": "Apache-2.0",
      "locked_url": "https://github.com/flox/nixpkgs?rev=0182a361324364ae3f436a63005877674cf45efb",
      "name": "apache-tomcat-11.0.18",
      "pname": "tomcat",
      "rev": "0182a361324364ae3f436a63005877674cf45efb",
      "rev_count": 948083,
      "rev_date": "2026-02-17T23:04:30Z",
      "scrape_date": "2026-02-19T05:47:51.101463Z",
      "stabilities": [
        "staging",
        "unstable"
      ],
      "unfree": false,
      "version": "11.0.18",
      "outputs_to_install": [
        "out"
      ],
      "outputs": {
        "out": "/nix/store/n3b6bjnpf4spi3zgy8vhdjl6dh63ba38-apache-tomcat-11.0.18",
        "webapps": "/nix/store/vi34ag01qznq7n2byiva0s47pcibywc5-apache-tomcat-11.0.18-webapps"
      },
      "system": "x86_64-darwin",
      "group": "toplevel",
      "priority": 4
    },
    {
      "attr_path": "tomcat",
      "broken": false,
      "derivation": "/nix/store/cqa44s1n4s9gysz21cy3n0agqzvy62ba-apache-tomcat-11.0.18.drv",
      "description": "Implementation of the Java Servlet and JavaServer Pages technologies",
      "install_id": "tomcat",
      "license": "Apache-2.0",
      "locked_url": "https://github.com/flox/nixpkgs?rev=0182a361324364ae3f436a63005877674cf45efb",
      "name": "apache-tomcat-11.0.18",
      "pname": "tomcat",
      "rev": "0182a361324364ae3f436a63005877674cf45efb",
      "rev_count": 948083,
      "rev_date": "2026-02-17T23:04:30Z",
      "scrape_date": "2026-02-19T06:26:36.965822Z",
      "stabilities": [
        "staging",
        "unstable"
      ],
      "unfree": false,
      "version": "11.0.18",
      "outputs_to_install": [
        "out"
      ],
      "outputs": {
        "out": "/nix/store/zymssvhl46jgyncfvgkxsrq0xljabng0-apache-tomcat-11.0.18",
        "webapps": "/nix/store/gqf997dhz6jgg6azn8wc66px3ps5qvvv-apache-tomcat-11.0.18-webapps"
      },
      "system": "x86_64-linux",
      "group": "toplevel",
      "priority": 4
    },
    {
      "attr_path": "tomcat-native",
      "broken": false,
      "derivation": "/nix/store/npcz5bp38qpm4h694mr23hqmvf3gxnjz-tomcat-native-2.0.13.drv",
      "description": "Optional component for use with Apache Tomcat that allows Tomcat to use certain native resources for performance, compatibility, etc",
      "install_id": "tomcat-native",
      "license": "Apache-2.0",
      "locked_url": "https://github.com/flox/nixpkgs?rev=0182a361324364ae3f436a63005877674cf45efb",
      "name": "tomcat-native-2.0.13",
      "pname": "tomcat-native",
      "rev": "0182a361324364ae3f436a63005877674cf45efb",
      "rev_count": 948083,
      "rev_date": "2026-02-17T23:04:30Z",
      "scrape_date": "2026-02-19T04:42:05.827718Z",
      "stabilities": [
        "staging",
        "unstable"
      ],
      "unfree": false,
      "version": "2.0.13",
      "outputs_to_install": [
        "out"
      ],
      "outputs": {
        "out": "/nix/store/gvrv97vjrx95l0qmnrgy0n0wpzxmphsp-tomcat-native-2.0.13"
      },
      "system": "aarch64-darwin",
      "group": "toplevel",
      "priority": 5
    },
    {
      "attr_path": "tomcat-native",
      "broken": false,
      "derivation": "/nix/store/qga52glms8y5qxky1zxp0rk550bjjk4v-tomcat-native-2.0.13.drv",
      "description": "Optional component for use with Apache Tomcat that allows Tomcat to use certain native resources for performance, compatibility, etc",
      "install_id": "tomcat-native",
      "license": "Apache-2.0",
      "locked_url": "https://github.com/flox/nixpkgs?rev=0182a361324364ae3f436a63005877674cf45efb",
      "name": "tomcat-native-2.0.13",
      "pname": "tomcat-native",
      "rev": "0182a361324364ae3f436a63005877674cf45efb",
      "rev_count": 948083,
      "rev_date": "2026-02-17T23:04:30Z",
      "scrape_date": "2026-02-19T05:15:53.776194Z",
      "stabilities": [
        "staging",
        "unstable"
      ],
      "unfree": false,
      "version": "2.0.13",
      "outputs_to_install": [
        "out"
      ],
      "outputs": {
        "out": "/nix/store/7pg6l1f5nlmg2pmk4ylg6lnghnp8cyj6-tomcat-native-2.0.13"
      },
      "system": "aarch64-linux",
      "group": "toplevel",
      "priority": 5
    },
    {
      "attr_path": "tomcat-native",
      "broken": false,
      "derivation": "/nix/store/vd41s2d35n5xnk3790vdcx62kjh77d9b-tomcat-native-2.0.13.drv",
      "description": "Optional component for use with Apache Tomcat that allows Tomcat to use certain native resources for performance, compatibility, etc",
      "install_id": "tomcat-native",
      "license": "Apache-2.0",
      "locked_url": "https://github.com/flox/nixpkgs?rev=0182a361324364ae3f436a63005877674cf45efb",
      "name": "tomcat-native-2.0.13",
      "pname": "tomcat-native",
      "rev": "0182a361324364ae3f436a63005877674cf45efb",
      "rev_count": 948083,
      "rev_date": "2026-02-17T23:04:30Z",
      "scrape_date": "2026-02-19T05:47:51.104779Z",
      "stabilities": [
        "staging",
        "unstable"
      ],
      "unfree": false,
      "version": "2.0.13",
      "outputs_to_install": [
        "out"
      ],
      "outputs": {
        "out": "/nix/store/kbnybwgiqlwwp9kc8pn4cp05fhr2zfpn-tomcat-native-2.0.13"
      },
      "system": "x86_64-darwin",
      "group": "toplevel",
      "priority": 5
    },
    {
      "attr_path": "tomcat-native",
      "broken": false,
      "derivation": "/nix/store/dw9milh4fizz1bd7h2rfkbr1mf83gx13-tomcat-native-2.0.13.drv",
      "description": "Optional component for use with Apache Tomcat that allows Tomcat to use certain native resources for performance, compatibility, etc",
      "install_id": "tomcat-native",
      "license": "Apache-2.0",
      "locked_url": "https://github.com/flox/nixpkgs?rev=0182a361324364ae3f436a63005877674cf45efb",
      "name": "tomcat-native-2.0.13",
      "pname": "tomcat-native",
      "rev": "0182a361324364ae3f436a63005877674cf45efb",
      "rev_count": 948083,
      "rev_date": "2026-02-17T23:04:30Z",
      "scrape_date": "2026-02-19T06:26:36.969944Z",
      "stabilities": [
        "staging",
        "unstable"
      ],
      "unfree": false,
      "version": "2.0.13",
      "outputs_to_install": [
        "out"
      ],
      "outputs": {
        "out": "/nix/store/b1i8kja44lwb9v603k3bm338m3v6fzcs-tomcat-native-2.0.13"
      },
      "system": "x86_64-linux",
      "group": "toplevel",
      "priority": 5
    }
  ]
}
